
Microsoft Visual Studio Solution File, Format Version 12.00
# Visual Studio 2013
VisualStudioVersion = 12.0.21005.1
MinimumVisualStudioVersion = 10.0.40219.1
Project("{2150E333-8FDC-42A3-9474-1A3956D46DE8}") = "ToolKit", "ToolKit", "{FDB4C826-6D3C-4D66-A01E-96353CD4A8B0}"
EndProject
Project("{2150E333-8FDC-42A3-9474-1A3956D46DE8}") = "Examples", "Examples", "{08587D08-E187-4E8C-95B5-58C293B044AF}"
EndProject
Project("{FAE04EC0-301F-11D3-BF4B-00C04F79EFBC}") = "Pong", "Examples\Pong\Pong.csproj", "{EFDED84E-42AD-42F8-926D-8E269C4601AB}"
EndProject
Project("{FAE04EC0-301F-11D3-BF4B-00C04F79EFBC}") = "Test", "Examples\Test\Test.csproj", "{8E4A2A02-BA95-4EA9-8F7A-02245A343714}"
EndProject
Project("{2150E333-8FDC-42A3-9474-1A3956D46DE8}") = "Core", "Core", "{92AB59F6-2B67-4ACB-A6AE-9A3C0C93A510}"
EndProject
Project("{FAE04EC0-301F-11D3-BF4B-00C04F79EFBC}") = "PyInterface", "Core\PyInterface\PyInterface.csproj", "{7CD2E53D-7182-44F3-96C0-E41744DE512A}"
EndProject
Project("{FAE04EC0-301F-11D3-BF4B-00C04F79EFBC}") = "GameEditor", "ToolKit\GameEditor\GameEditor.csproj", "{6B5004E9-5CAA-41F2-A701-9A7E281241F6}"
EndProject
Project("{FAE04EC0-301F-11D3-BF4B-00C04F79EFBC}") = "ObjDefEditor", "ToolKit\ObjDefEditor\ObjDefEditor.csproj", "{D2162924-5130-4A32-B606-76A68029BDA5}"
EndProject
Project("{FAE04EC0-301F-11D3-BF4B-00C04F79EFBC}") = "TestSuite", "ToolKit\TestSuite\TestSuite.csproj", "{CBF2CCFF-9C3D-44DC-A34E-79A0600850A7}"
EndProject
Project("{FAE04EC0-301F-11D3-BF4B-00C04F79EFBC}") = "MainMenuTest", "Examples\MainMenuTest\MainMenuTest.csproj", "{AA284A16-74A2-45A6-94AB-4250370DCD5C}"
EndProject
Project("{FAE04EC0-301F-11D3-BF4B-00C04F79EFBC}") = "EntityFramework", "Core\EntityFramework\EntityFramework.csproj", "{1D188824-AF34-4BAC-8C27-5F74AEA97DB4}"
EndProject
Project("{FAE04EC0-301F-11D3-BF4B-00C04F79EFBC}") = "EntityFramework.Render", "Core\EF_Extension_Render\EntityFramework.Render.csproj", "{446D5E8E-02A8-410E-B491-E57D4A1ADF9B}"
EndProject
Project("{FAE04EC0-301F-11D3-BF4B-00C04F79EFBC}") = "EntityFramework.Serialize", "Core\EF_Extension_Serialize\EntityFramework.Serialize.csproj", "{BF121330-710E-43C0-9C18-FEA30B1884C9}"
EndProject
Project("{FAE04EC0-301F-11D3-BF4B-00C04F79EFBC}") = "TestingNewEngine", "Examples\TestingNewEngine\TestingNewEngine.csproj", "{FD013A38-5A3B-4FD4-9EBA-7F3E6D0846B5}"
EndProject
Project("{FAE04EC0-301F-11D3-BF4B-00C04F79EFBC}") = "TestingNewEngine0", "Examples\TestingNewEngine0\TestingNewEngine0.csproj", "{B1E12E47-5620-4F76-93FE-822C508D475E}"
EndProject
Project("{FAE04EC0-301F-11D3-BF4B-00C04F79EFBC}") = "EntityFramework.Engine", "Core\EntityFramework.Engine\EntityFramework.Engine.csproj", "{9C61E547-E573-4E9D-A4CC-AE7208D278C4}"
EndProject
Project("{FAE04EC0-301F-11D3-BF4B-00C04F79EFBC}") = "MathExt", "Core\SharpDX.Mathematics\MathExt.csproj", "{49E4485F-3A2A-4C35-A159-12ECCFC00396}"
EndProject
Project("{2150E333-8FDC-42A3-9474-1A3956D46DE8}") = "IterativeDemos", "IterativeDemos", "{DB1C3F08-5A7D-4FF6-A3BC-85BE9BC4F697}"
EndProject
Project("{FAE04EC0-301F-11D3-BF4B-00C04F79EFBC}") = "BasicWinFormDefaultEngine", "IterativeDemos\BasicWinFormDefaultEngine\BasicWinFormDefaultEngine.csproj", "{92E2C717-29C7-422F-ABD3-49D2869A6743}"
EndProject
Project("{FAE04EC0-301F-11D3-BF4B-00C04F79EFBC}") = "WinFormExtension", "Core\WinFormExtension\WinFormExtension.csproj", "{1923C85B-F3C6-4775-BE77-DF4B02B40C45}"
EndProject
Project("{FAE04EC0-301F-11D3-BF4B-00C04F79EFBC}") = "WF_HC_Triangles", "IterativeDemos\WF_HC_Triangles\WF_HC_Triangles.csproj", "{309220A0-34E3-484D-AA13-967E12AF3585}"
EndProject
Project("{FAE04EC0-301F-11D3-BF4B-00C04F79EFBC}") = "EntityEngineTest", "ToolKit\EntityEngineTest\EntityEngineTest.csproj", "{067456C0-086C-46A8-B37F-1405717B7BFC}"
EndProject
Global
	GlobalSection(SolutionConfigurationPlatforms) = preSolution
		Debug|Any CPU = Debug|Any CPU
		Debug|Mixed Platforms = Debug|Mixed Platforms
		Debug|x86 = Debug|x86
		Release|Any CPU = Release|Any CPU
		Release|Mixed Platforms = Release|Mixed Platforms
		Release|x86 = Release|x86
	EndGlobalSection
	GlobalSection(ProjectConfigurationPlatforms) = postSolution
		{EFDED84E-42AD-42F8-926D-8E269C4601AB}.Debug|Any CPU.ActiveCfg = Debug|x86
		{EFDED84E-42AD-42F8-926D-8E269C4601AB}.Debug|Mixed Platforms.ActiveCfg = Debug|x86
		{EFDED84E-42AD-42F8-926D-8E269C4601AB}.Debug|Mixed Platforms.Build.0 = Debug|x86
		{EFDED84E-42AD-42F8-926D-8E269C4601AB}.Debug|x86.ActiveCfg = Debug|x86
		{EFDED84E-42AD-42F8-926D-8E269C4601AB}.Debug|x86.Build.0 = Debug|x86
		{EFDED84E-42AD-42F8-926D-8E269C4601AB}.Release|Any CPU.ActiveCfg = Release|x86
		{EFDED84E-42AD-42F8-926D-8E269C4601AB}.Release|Mixed Platforms.ActiveCfg = Release|x86
		{EFDED84E-42AD-42F8-926D-8E269C4601AB}.Release|Mixed Platforms.Build.0 = Release|x86
		{EFDED84E-42AD-42F8-926D-8E269C4601AB}.Release|x86.ActiveCfg = Release|x86
		{EFDED84E-42AD-42F8-926D-8E269C4601AB}.Release|x86.Build.0 = Release|x86
		{8E4A2A02-BA95-4EA9-8F7A-02245A343714}.Debug|Any CPU.ActiveCfg = Debug|x86
		{8E4A2A02-BA95-4EA9-8F7A-02245A343714}.Debug|Mixed Platforms.ActiveCfg = Debug|x86
		{8E4A2A02-BA95-4EA9-8F7A-02245A343714}.Debug|Mixed Platforms.Build.0 = Debug|x86
		{8E4A2A02-BA95-4EA9-8F7A-02245A343714}.Debug|x86.ActiveCfg = Debug|x86
		{8E4A2A02-BA95-4EA9-8F7A-02245A343714}.Debug|x86.Build.0 = Debug|x86
		{8E4A2A02-BA95-4EA9-8F7A-02245A343714}.Release|Any CPU.ActiveCfg = Release|x86
		{8E4A2A02-BA95-4EA9-8F7A-02245A343714}.Release|Mixed Platforms.ActiveCfg = Release|x86
		{8E4A2A02-BA95-4EA9-8F7A-02245A343714}.Release|Mixed Platforms.Build.0 = Release|x86
		{8E4A2A02-BA95-4EA9-8F7A-02245A343714}.Release|x86.ActiveCfg = Release|x86
		{8E4A2A02-BA95-4EA9-8F7A-02245A343714}.Release|x86.Build.0 = Release|x86
		{7CD2E53D-7182-44F3-96C0-E41744DE512A}.Debug|Any CPU.ActiveCfg = Debug|x86
		{7CD2E53D-7182-44F3-96C0-E41744DE512A}.Debug|Mixed Platforms.ActiveCfg = Debug|x86
		{7CD2E53D-7182-44F3-96C0-E41744DE512A}.Debug|Mixed Platforms.Build.0 = Debug|x86
		{7CD2E53D-7182-44F3-96C0-E41744DE512A}.Debug|x86.ActiveCfg = Debug|x86
		{7CD2E53D-7182-44F3-96C0-E41744DE512A}.Debug|x86.Build.0 = Debug|x86
		{7CD2E53D-7182-44F3-96C0-E41744DE512A}.Release|Any CPU.ActiveCfg = Release|x86
		{7CD2E53D-7182-44F3-96C0-E41744DE512A}.Release|Mixed Platforms.ActiveCfg = Release|x86
		{7CD2E53D-7182-44F3-96C0-E41744DE512A}.Release|Mixed Platforms.Build.0 = Release|x86
		{7CD2E53D-7182-44F3-96C0-E41744DE512A}.Release|x86.ActiveCfg = Release|x86
		{7CD2E53D-7182-44F3-96C0-E41744DE512A}.Release|x86.Build.0 = Release|x86
		{6B5004E9-5CAA-41F2-A701-9A7E281241F6}.Debug|Any CPU.ActiveCfg = Debug|x86
		{6B5004E9-5CAA-41F2-A701-9A7E281241F6}.Debug|Mixed Platforms.ActiveCfg = Debug|x86
		{6B5004E9-5CAA-41F2-A701-9A7E281241F6}.Debug|Mixed Platforms.Build.0 = Debug|x86
		{6B5004E9-5CAA-41F2-A701-9A7E281241F6}.Debug|x86.ActiveCfg = Debug|x86
		{6B5004E9-5CAA-41F2-A701-9A7E281241F6}.Debug|x86.Build.0 = Debug|x86
		{6B5004E9-5CAA-41F2-A701-9A7E281241F6}.Release|Any CPU.ActiveCfg = Release|x86
		{6B5004E9-5CAA-41F2-A701-9A7E281241F6}.Release|Mixed Platforms.ActiveCfg = Release|x86
		{6B5004E9-5CAA-41F2-A701-9A7E281241F6}.Release|Mixed Platforms.Build.0 = Release|x86
		{6B5004E9-5CAA-41F2-A701-9A7E281241F6}.Release|x86.ActiveCfg = Release|x86
		{6B5004E9-5CAA-41F2-A701-9A7E281241F6}.Release|x86.Build.0 = Release|x86
		{D2162924-5130-4A32-B606-76A68029BDA5}.Debug|Any CPU.ActiveCfg = Debug|x86
		{D2162924-5130-4A32-B606-76A68029BDA5}.Debug|Mixed Platforms.ActiveCfg = Debug|x86
		{D2162924-5130-4A32-B606-76A68029BDA5}.Debug|Mixed Platforms.Build.0 = Debug|x86
		{D2162924-5130-4A32-B606-76A68029BDA5}.Debug|x86.ActiveCfg = Debug|x86
		{D2162924-5130-4A32-B606-76A68029BDA5}.Debug|x86.Build.0 = Debug|x86
		{D2162924-5130-4A32-B606-76A68029BDA5}.Release|Any CPU.ActiveCfg = Release|x86
		{D2162924-5130-4A32-B606-76A68029BDA5}.Release|Mixed Platforms.ActiveCfg = Release|x86
		{D2162924-5130-4A32-B606-76A68029BDA5}.Release|Mixed Platforms.Build.0 = Release|x86
		{D2162924-5130-4A32-B606-76A68029BDA5}.Release|x86.ActiveCfg = Release|x86
		{D2162924-5130-4A32-B606-76A68029BDA5}.Release|x86.Build.0 = Release|x86
		{CBF2CCFF-9C3D-44DC-A34E-79A0600850A7}.Debug|Any CPU.ActiveCfg = Debug|x86
		{CBF2CCFF-9C3D-44DC-A34E-79A0600850A7}.Debug|Mixed Platforms.ActiveCfg = Debug|x86
		{CBF2CCFF-9C3D-44DC-A34E-79A0600850A7}.Debug|Mixed Platforms.Build.0 = Debug|x86
		{CBF2CCFF-9C3D-44DC-A34E-79A0600850A7}.Debug|x86.ActiveCfg = Debug|x86
		{CBF2CCFF-9C3D-44DC-A34E-79A0600850A7}.Debug|x86.Build.0 = Debug|x86
		{CBF2CCFF-9C3D-44DC-A34E-79A0600850A7}.Release|Any CPU.ActiveCfg = Release|x86
		{CBF2CCFF-9C3D-44DC-A34E-79A0600850A7}.Release|Mixed Platforms.ActiveCfg = Release|x86
		{CBF2CCFF-9C3D-44DC-A34E-79A0600850A7}.Release|Mixed Platforms.Build.0 = Release|x86
		{CBF2CCFF-9C3D-44DC-A34E-79A0600850A7}.Release|x86.ActiveCfg = Release|x86
		{CBF2CCFF-9C3D-44DC-A34E-79A0600850A7}.Release|x86.Build.0 = Release|x86
		{AA284A16-74A2-45A6-94AB-4250370DCD5C}.Debug|Any CPU.ActiveCfg = Debug|x86
		{AA284A16-74A2-45A6-94AB-4250370DCD5C}.Debug|Mixed Platforms.ActiveCfg = Debug|x86
		{AA284A16-74A2-45A6-94AB-4250370DCD5C}.Debug|Mixed Platforms.Build.0 = Debug|x86
		{AA284A16-74A2-45A6-94AB-4250370DCD5C}.Debug|x86.ActiveCfg = Debug|x86
		{AA284A16-74A2-45A6-94AB-4250370DCD5C}.Debug|x86.Build.0 = Debug|x86
		{AA284A16-74A2-45A6-94AB-4250370DCD5C}.Release|Any CPU.ActiveCfg = Release|x86
		{AA284A16-74A2-45A6-94AB-4250370DCD5C}.Release|Mixed Platforms.ActiveCfg = Release|x86
		{AA284A16-74A2-45A6-94AB-4250370DCD5C}.Release|Mixed Platforms.Build.0 = Release|x86
		{AA284A16-74A2-45A6-94AB-4250370DCD5C}.Release|x86.ActiveCfg = Release|x86
		{AA284A16-74A2-45A6-94AB-4250370DCD5C}.Release|x86.Build.0 = Release|x86
		{1D188824-AF34-4BAC-8C27-5F74AEA97DB4}.Debug|Any CPU.ActiveCfg = Debug|x86
		{1D188824-AF34-4BAC-8C27-5F74AEA97DB4}.Debug|Mixed Platforms.ActiveCfg = Debug|x86
		{1D188824-AF34-4BAC-8C27-5F74AEA97DB4}.Debug|Mixed Platforms.Build.0 = Debug|x86
		{1D188824-AF34-4BAC-8C27-5F74AEA97DB4}.Debug|x86.ActiveCfg = Debug|x86
		{1D188824-AF34-4BAC-8C27-5F74AEA97DB4}.Debug|x86.Build.0 = Debug|x86
		{1D188824-AF34-4BAC-8C27-5F74AEA97DB4}.Release|Any CPU.ActiveCfg = Release|x86
		{1D188824-AF34-4BAC-8C27-5F74AEA97DB4}.Release|Mixed Platforms.ActiveCfg = Release|x86
		{1D188824-AF34-4BAC-8C27-5F74AEA97DB4}.Release|Mixed Platforms.Build.0 = Release|x86
		{1D188824-AF34-4BAC-8C27-5F74AEA97DB4}.Release|x86.ActiveCfg = Release|x86
		{1D188824-AF34-4BAC-8C27-5F74AEA97DB4}.Release|x86.Build.0 = Release|x86
		{446D5E8E-02A8-410E-B491-E57D4A1ADF9B}.Debug|Any CPU.ActiveCfg = Debug|x86
		{446D5E8E-02A8-410E-B491-E57D4A1ADF9B}.Debug|Mixed Platforms.ActiveCfg = Debug|x86
		{446D5E8E-02A8-410E-B491-E57D4A1ADF9B}.Debug|Mixed Platforms.Build.0 = Debug|x86
		{446D5E8E-02A8-410E-B491-E57D4A1ADF9B}.Debug|x86.ActiveCfg = Debug|x86
		{446D5E8E-02A8-410E-B491-E57D4A1ADF9B}.Debug|x86.Build.0 = Debug|x86
		{446D5E8E-02A8-410E-B491-E57D4A1ADF9B}.Release|Any CPU.ActiveCfg = Release|x86
		{446D5E8E-02A8-410E-B491-E57D4A1ADF9B}.Release|Mixed Platforms.ActiveCfg = Release|x86
		{446D5E8E-02A8-410E-B491-E57D4A1ADF9B}.Release|Mixed Platforms.Build.0 = Release|x86
		{446D5E8E-02A8-410E-B491-E57D4A1ADF9B}.Release|x86.ActiveCfg = Release|x86
		{446D5E8E-02A8-410E-B491-E57D4A1ADF9B}.Release|x86.Build.0 = Release|x86
		{BF121330-710E-43C0-9C18-FEA30B1884C9}.Debug|Any CPU.ActiveCfg = Debug|x86
		{BF121330-710E-43C0-9C18-FEA30B1884C9}.Debug|Mixed Platforms.ActiveCfg = Debug|x86
		{BF121330-710E-43C0-9C18-FEA30B1884C9}.Debug|Mixed Platforms.Build.0 = Debug|x86
		{BF121330-710E-43C0-9C18-FEA30B1884C9}.Debug|x86.ActiveCfg = Debug|x86
		{BF121330-710E-43C0-9C18-FEA30B1884C9}.Debug|x86.Build.0 = Debug|x86
		{BF121330-710E-43C0-9C18-FEA30B1884C9}.Release|Any CPU.ActiveCfg = Release|x86
		{BF121330-710E-43C0-9C18-FEA30B1884C9}.Release|Mixed Platforms.ActiveCfg = Release|x86
		{BF121330-710E-43C0-9C18-FEA30B1884C9}.Release|Mixed Platforms.Build.0 = Release|x86
		{BF121330-710E-43C0-9C18-FEA30B1884C9}.Release|x86.ActiveCfg = Release|x86
		{BF121330-710E-43C0-9C18-FEA30B1884C9}.Release|x86.Build.0 = Release|x86
		{FD013A38-5A3B-4FD4-9EBA-7F3E6D0846B5}.Debug|Any CPU.ActiveCfg = Debug|Any CPU
		{FD013A38-5A3B-4FD4-9EBA-7F3E6D0846B5}.Debug|Any CPU.Build.0 = Debug|Any CPU
		{FD013A38-5A3B-4FD4-9EBA-7F3E6D0846B5}.Debug|Mixed Platforms.ActiveCfg = Debug|Any CPU
		{FD013A38-5A3B-4FD4-9EBA-7F3E6D0846B5}.Debug|Mixed Platforms.Build.0 = Debug|Any CPU
		{FD013A38-5A3B-4FD4-9EBA-7F3E6D0846B5}.Debug|x86.ActiveCfg = Debug|Any CPU
		{FD013A38-5A3B-4FD4-9EBA-7F3E6D0846B5}.Release|Any CPU.ActiveCfg = Release|Any CPU
		{FD013A38-5A3B-4FD4-9EBA-7F3E6D0846B5}.Release|Any CPU.Build.0 = Release|Any CPU
		{FD013A38-5A3B-4FD4-9EBA-7F3E6D0846B5}.Release|Mixed Platforms.ActiveCfg = Release|Any CPU
		{FD013A38-5A3B-4FD4-9EBA-7F3E6D0846B5}.Release|Mixed Platforms.Build.0 = Release|Any CPU
		{FD013A38-5A3B-4FD4-9EBA-7F3E6D0846B5}.Release|x86.ActiveCfg = Release|Any CPU
		{B1E12E47-5620-4F76-93FE-822C508D475E}.Debug|Any CPU.ActiveCfg = Debug|x86
		{B1E12E47-5620-4F76-93FE-822C508D475E}.Debug|Mixed Platforms.ActiveCfg = Debug|x86
		{B1E12E47-5620-4F76-93FE-822C508D475E}.Debug|Mixed Platforms.Build.0 = Debug|x86
		{B1E12E47-5620-4F76-93FE-822C508D475E}.Debug|x86.ActiveCfg = Debug|x86
		{B1E12E47-5620-4F76-93FE-822C508D475E}.Debug|x86.Build.0 = Debug|x86
		{B1E12E47-5620-4F76-93FE-822C508D475E}.Release|Any CPU.ActiveCfg = Release|x86
		{B1E12E47-5620-4F76-93FE-822C508D475E}.Release|Mixed Platforms.ActiveCfg = Release|x86
		{B1E12E47-5620-4F76-93FE-822C508D475E}.Release|Mixed Platforms.Build.0 = Release|x86
		{B1E12E47-5620-4F76-93FE-822C508D475E}.Release|x86.ActiveCfg = Release|x86
		{B1E12E47-5620-4F76-93FE-822C508D475E}.Release|x86.Build.0 = Release|x86
		{9C61E547-E573-4E9D-A4CC-AE7208D278C4}.Debug|Any CPU.ActiveCfg = Debug|x86
		{9C61E547-E573-4E9D-A4CC-AE7208D278C4}.Debug|Any CPU.Build.0 = Debug|x86
		{9C61E547-E573-4E9D-A4CC-AE7208D278C4}.Debug|Mixed Platforms.ActiveCfg = Debug|x86
		{9C61E547-E573-4E9D-A4CC-AE7208D278C4}.Debug|Mixed Platforms.Build.0 = Debug|x86
		{9C61E547-E573-4E9D-A4CC-AE7208D278C4}.Debug|x86.ActiveCfg = Debug|x86
		{9C61E547-E573-4E9D-A4CC-AE7208D278C4}.Debug|x86.Build.0 = Debug|x86
		{9C61E547-E573-4E9D-A4CC-AE7208D278C4}.Release|Any CPU.ActiveCfg = Release|Any CPU
		{9C61E547-E573-4E9D-A4CC-AE7208D278C4}.Release|Any CPU.Build.0 = Release|Any CPU
		{9C61E547-E573-4E9D-A4CC-AE7208D278C4}.Release|Mixed Platforms.ActiveCfg = Release|Any CPU
		{9C61E547-E573-4E9D-A4CC-AE7208D278C4}.Release|Mixed Platforms.Build.0 = Release|Any CPU
		{9C61E547-E573-4E9D-A4CC-AE7208D278C4}.Release|x86.ActiveCfg = Release|Any CPU
		{49E4485F-3A2A-4C35-A159-12ECCFC00396}.Debug|Any CPU.ActiveCfg = Debug|x86
		{49E4485F-3A2A-4C35-A159-12ECCFC00396}.Debug|Mixed Platforms.ActiveCfg = Debug|x86
		{49E4485F-3A2A-4C35-A159-12ECCFC00396}.Debug|Mixed Platforms.Build.0 = Debug|x86
		{49E4485F-3A2A-4C35-A159-12ECCFC00396}.Debug|x86.ActiveCfg = Debug|x86
		{49E4485F-3A2A-4C35-A159-12ECCFC00396}.Debug|x86.Build.0 = Debug|x86
		{49E4485F-3A2A-4C35-A159-12ECCFC00396}.Release|Any CPU.ActiveCfg = Debug|x86
		{49E4485F-3A2A-4C35-A159-12ECCFC00396}.Release|Mixed Platforms.ActiveCfg = Debug|x86
		{49E4485F-3A2A-4C35-A159-12ECCFC00396}.Release|Mixed Platforms.Build.0 = Debug|x86
		{49E4485F-3A2A-4C35-A159-12ECCFC00396}.Release|x86.ActiveCfg = Debug|x86
		{49E4485F-3A2A-4C35-A159-12ECCFC00396}.Release|x86.Build.0 = Debug|x86
		{92E2C717-29C7-422F-ABD3-49D2869A6743}.Debug|Any CPU.ActiveCfg = Debug|Any CPU
		{92E2C717-29C7-422F-ABD3-49D2869A6743}.Debug|Any CPU.Build.0 = Debug|Any CPU
		{92E2C717-29C7-422F-ABD3-49D2869A6743}.Debug|Mixed Platforms.ActiveCfg = Debug|Any CPU
		{92E2C717-29C7-422F-ABD3-49D2869A6743}.Debug|Mixed Platforms.Build.0 = Debug|Any CPU
		{92E2C717-29C7-422F-ABD3-49D2869A6743}.Debug|x86.ActiveCfg = Debug|Any CPU
		{92E2C717-29C7-422F-ABD3-49D2869A6743}.Release|Any CPU.ActiveCfg = Release|Any CPU
		{92E2C717-29C7-422F-ABD3-49D2869A6743}.Release|Any CPU.Build.0 = Release|Any CPU
		{92E2C717-29C7-422F-ABD3-49D2869A6743}.Release|Mixed Platforms.ActiveCfg = Release|Any CPU
		{92E2C717-29C7-422F-ABD3-49D2869A6743}.Release|Mixed Platforms.Build.0 = Release|Any CPU
		{92E2C717-29C7-422F-ABD3-49D2869A6743}.Release|x86.ActiveCfg = Release|Any CPU
		{1923C85B-F3C6-4775-BE77-DF4B02B40C45}.Debug|Any CPU.ActiveCfg = Debug|Any CPU
		{1923C85B-F3C6-4775-BE77-DF4B02B40C45}.Debug|Any CPU.Build.0 = Debug|Any CPU
		{1923C85B-F3C6-4775-BE77-DF4B02B40C45}.Debug|Mixed Platforms.ActiveCfg = Debug|Any CPU
		{1923C85B-F3C6-4775-BE77-DF4B02B40C45}.Debug|Mixed Platforms.Build.0 = Debug|Any CPU
		{1923C85B-F3C6-4775-BE77-DF4B02B40C45}.Debug|x86.ActiveCfg = Debug|Any CPU
		{1923C85B-F3C6-4775-BE77-DF4B02B40C45}.Release|Any CPU.ActiveCfg = Release|Any CPU
		{1923C85B-F3C6-4775-BE77-DF4B02B40C45}.Release|Any CPU.Build.0 = Release|Any CPU
		{1923C85B-F3C6-4775-BE77-DF4B02B40C45}.Release|Mixed Platforms.ActiveCfg = Release|Any CPU
		{1923C85B-F3C6-4775-BE77-DF4B02B40C45}.Release|Mixed Platforms.Build.0 = Release|Any CPU
		{1923C85B-F3C6-4775-BE77-DF4B02B40C45}.Release|x86.ActiveCfg = Release|Any CPU
		{309220A0-34E3-484D-AA13-967E12AF3585}.Debug|Any CPU.ActiveCfg = Debug|Any CPU
		{309220A0-34E3-484D-AA13-967E12AF3585}.Debug|Any CPU.Build.0 = Debug|Any CPU
		{309220A0-34E3-484D-AA13-967E12AF3585}.Debug|Mixed Platforms.ActiveCfg = Debug|Any CPU
		{309220A0-34E3-484D-AA13-967E12AF3585}.Debug|Mixed Platforms.Build.0 = Debug|Any CPU
		{309220A0-34E3-484D-AA13-967E12AF3585}.Debug|x86.ActiveCfg = Debug|Any CPU
		{309220A0-34E3-484D-AA13-967E12AF3585}.Release|Any CPU.ActiveCfg = Release|Any CPU
		{309220A0-34E3-484D-AA13-967E12AF3585}.Release|Any CPU.Build.0 = Release|Any CPU
		{309220A0-34E3-484D-AA13-967E12AF3585}.Release|Mixed Platforms.ActiveCfg = Release|Any CPU
		{309220A0-34E3-484D-AA13-967E12AF3585}.Release|Mixed Platforms.Build.0 = Release|Any CPU
		{309220A0-34E3-484D-AA13-967E12AF3585}.Release|x86.ActiveCfg = Release|Any CPU
		{067456C0-086C-46A8-B37F-1405717B7BFC}.Debug|Any CPU.ActiveCfg = Debug|Any CPU
		{067456C0-086C-46A8-B37F-1405717B7BFC}.Debug|Any CPU.Build.0 = Debug|Any CPU
		{067456C0-086C-46A8-B37F-1405717B7BFC}.Debug|Mixed Platforms.ActiveCfg = Debug|Any CPU
		{067456C0-086C-46A8-B37F-1405717B7BFC}.Debug|Mixed Platforms.Build.0 = Debug|Any CPU
		{067456C0-086C-46A8-B37F-1405717B7BFC}.Debug|x86.ActiveCfg = Debug|Any CPU
		{067456C0-086C-46A8-B37F-1405717B7BFC}.Release|Any CPU.ActiveCfg = Release|Any CPU
		{067456C0-086C-46A8-B37F-1405717B7BFC}.Release|Any CPU.Build.0 = Release|Any CPU
		{067456C0-086C-46A8-B37F-1405717B7BFC}.Release|Mixed Platforms.ActiveCfg = Release|Any CPU
		{067456C0-086C-46A8-B37F-1405717B7BFC}.Release|Mixed Platforms.Build.0 = Release|Any CPU
		{067456C0-086C-46A8-B37F-1405717B7BFC}.Release|x86.ActiveCfg = Release|Any CPU
	EndGlobalSection
	GlobalSection(SolutionProperties) = preSolution
		HideSolutionNode = FALSE
	EndGlobalSection
	GlobalSection(NestedProjects) = preSolution
		{6B5004E9-5CAA-41F2-A701-9A7E281241F6} = {FDB4C826-6D3C-4D66-A01E-96353CD4A8B0}
		{D2162924-5130-4A32-B606-76A68029BDA5} = {FDB4C826-6D3C-4D66-A01E-96353CD4A8B0}
		{CBF2CCFF-9C3D-44DC-A34E-79A0600850A7} = {FDB4C826-6D3C-4D66-A01E-96353CD4A8B0}
		{067456C0-086C-46A8-B37F-1405717B7BFC} = {FDB4C826-6D3C-4D66-A01E-96353CD4A8B0}
		{EFDED84E-42AD-42F8-926D-8E269C4601AB} = {08587D08-E187-4E8C-95B5-58C293B044AF}
		{8E4A2A02-BA95-4EA9-8F7A-02245A343714} = {08587D08-E187-4E8C-95B5-58C293B044AF}
		{AA284A16-74A2-45A6-94AB-4250370DCD5C} = {08587D08-E187-4E8C-95B5-58C293B044AF}
		{FD013A38-5A3B-4FD4-9EBA-7F3E6D0846B5} = {08587D08-E187-4E8C-95B5-58C293B044AF}
		{B1E12E47-5620-4F76-93FE-822C508D475E} = {08587D08-E187-4E8C-95B5-58C293B044AF}
		{7CD2E53D-7182-44F3-96C0-E41744DE512A} = {92AB59F6-2B67-4ACB-A6AE-9A3C0C93A510}
		{1D188824-AF34-4BAC-8C27-5F74AEA97DB4} = {92AB59F6-2B67-4ACB-A6AE-9A3C0C93A510}
		{446D5E8E-02A8-410E-B491-E57D4A1ADF9B} = {92AB59F6-2B67-4ACB-A6AE-9A3C0C93A510}
		{BF121330-710E-43C0-9C18-FEA30B1884C9} = {92AB59F6-2B67-4ACB-A6AE-9A3C0C93A510}
		{9C61E547-E573-4E9D-A4CC-AE7208D278C4} = {92AB59F6-2B67-4ACB-A6AE-9A3C0C93A510}
		{49E4485F-3A2A-4C35-A159-12ECCFC00396} = {92AB59F6-2B67-4ACB-A6AE-9A3C0C93A510}
		{1923C85B-F3C6-4775-BE77-DF4B02B40C45} = {92AB59F6-2B67-4ACB-A6AE-9A3C0C93A510}
		{92E2C717-29C7-422F-ABD3-49D2869A6743} = {DB1C3F08-5A7D-4FF6-A3BC-85BE9BC4F697}
		{309220A0-34E3-484D-AA13-967E12AF3585} = {DB1C3F08-5A7D-4FF6-A3BC-85BE9BC4F697}
	EndGlobalSection
EndGlobal
