
Microsoft Visual Studio Solution File, Format Version 11.00
# Visual Studio 2010
Project("{2150E333-8FDC-42A3-9474-1A3956D46DE8}") = "Solution Items", "Solution Items", "{FDB4C826-6D3C-4D66-A01E-96353CD4A8B0}"
EndProject
Project("{2150E333-8FDC-42A3-9474-1A3956D46DE8}") = "Examples", "Examples", "{08587D08-E187-4E8C-95B5-58C293B044AF}"
EndProject
Project("{FAE04EC0-301F-11D3-BF4B-00C04F79EFBC}") = "Pong", "Examples\Pong\Pong.csproj", "{EFDED84E-42AD-42F8-926D-8E269C4601AB}"
EndProject
Project("{FAE04EC0-301F-11D3-BF4B-00C04F79EFBC}") = "Test", "Examples\Test\Test.csproj", "{8E4A2A02-BA95-4EA9-8F7A-02245A343714}"
EndProject
Project("{2150E333-8FDC-42A3-9474-1A3956D46DE8}") = "Core", "Core", "{92AB59F6-2B67-4ACB-A6AE-9A3C0C93A510}"
EndProject
Project("{FAE04EC0-301F-11D3-BF4B-00C04F79EFBC}") = "EntityEngine", "Core\EntityEngine\EntityEngine.csproj", "{BA32E84A-582F-4989-BCF7-DAA09584D9B9}"
EndProject
Project("{FAE04EC0-301F-11D3-BF4B-00C04F79EFBC}") = "EntityFramework", "Core\EntityFramework\EntityFramework.csproj", "{9B024C51-9A91-4254-90DB-9F2E91000F16}"
EndProject
Project("{FAE04EC0-301F-11D3-BF4B-00C04F79EFBC}") = "PyInterface", "Core\PyInterface\PyInterface.csproj", "{7CD2E53D-7182-44F3-96C0-E41744DE512A}"
EndProject
Global
	GlobalSection(SolutionConfigurationPlatforms) = preSolution
		Debug|Any CPU = Debug|Any CPU
		Debug|Mixed Platforms = Debug|Mixed Platforms
		Debug|x86 = Debug|x86
		Release|Any CPU = Release|Any CPU
		Release|Mixed Platforms = Release|Mixed Platforms
		Release|x86 = Release|x86
	EndGlobalSection
	GlobalSection(ProjectConfigurationPlatforms) = postSolution
		{EFDED84E-42AD-42F8-926D-8E269C4601AB}.Debug|Any CPU.ActiveCfg = Debug|x86
		{EFDED84E-42AD-42F8-926D-8E269C4601AB}.Debug|Mixed Platforms.ActiveCfg = Debug|x86
		{EFDED84E-42AD-42F8-926D-8E269C4601AB}.Debug|Mixed Platforms.Build.0 = Debug|x86
		{EFDED84E-42AD-42F8-926D-8E269C4601AB}.Debug|x86.ActiveCfg = Debug|x86
		{EFDED84E-42AD-42F8-926D-8E269C4601AB}.Debug|x86.Build.0 = Debug|x86
		{EFDED84E-42AD-42F8-926D-8E269C4601AB}.Release|Any CPU.ActiveCfg = Release|x86
		{EFDED84E-42AD-42F8-926D-8E269C4601AB}.Release|Mixed Platforms.ActiveCfg = Release|x86
		{EFDED84E-42AD-42F8-926D-8E269C4601AB}.Release|Mixed Platforms.Build.0 = Release|x86
		{EFDED84E-42AD-42F8-926D-8E269C4601AB}.Release|x86.ActiveCfg = Release|x86
		{EFDED84E-42AD-42F8-926D-8E269C4601AB}.Release|x86.Build.0 = Release|x86
		{8E4A2A02-BA95-4EA9-8F7A-02245A343714}.Debug|Any CPU.ActiveCfg = Debug|x86
		{8E4A2A02-BA95-4EA9-8F7A-02245A343714}.Debug|Mixed Platforms.ActiveCfg = Debug|x86
		{8E4A2A02-BA95-4EA9-8F7A-02245A343714}.Debug|Mixed Platforms.Build.0 = Debug|x86
		{8E4A2A02-BA95-4EA9-8F7A-02245A343714}.Debug|x86.ActiveCfg = Debug|x86
		{8E4A2A02-BA95-4EA9-8F7A-02245A343714}.Debug|x86.Build.0 = Debug|x86
		{8E4A2A02-BA95-4EA9-8F7A-02245A343714}.Release|Any CPU.ActiveCfg = Release|x86
		{8E4A2A02-BA95-4EA9-8F7A-02245A343714}.Release|Mixed Platforms.ActiveCfg = Release|x86
		{8E4A2A02-BA95-4EA9-8F7A-02245A343714}.Release|Mixed Platforms.Build.0 = Release|x86
		{8E4A2A02-BA95-4EA9-8F7A-02245A343714}.Release|x86.ActiveCfg = Release|x86
		{8E4A2A02-BA95-4EA9-8F7A-02245A343714}.Release|x86.Build.0 = Release|x86
		{BA32E84A-582F-4989-BCF7-DAA09584D9B9}.Debug|Any CPU.ActiveCfg = Debug|x86
		{BA32E84A-582F-4989-BCF7-DAA09584D9B9}.Debug|Mixed Platforms.ActiveCfg = Debug|x86
		{BA32E84A-582F-4989-BCF7-DAA09584D9B9}.Debug|Mixed Platforms.Build.0 = Debug|x86
		{BA32E84A-582F-4989-BCF7-DAA09584D9B9}.Debug|x86.ActiveCfg = Debug|x86
		{BA32E84A-582F-4989-BCF7-DAA09584D9B9}.Debug|x86.Build.0 = Debug|x86
		{BA32E84A-582F-4989-BCF7-DAA09584D9B9}.Release|Any CPU.ActiveCfg = Release|x86
		{BA32E84A-582F-4989-BCF7-DAA09584D9B9}.Release|Mixed Platforms.ActiveCfg = Release|x86
		{BA32E84A-582F-4989-BCF7-DAA09584D9B9}.Release|Mixed Platforms.Build.0 = Release|x86
		{BA32E84A-582F-4989-BCF7-DAA09584D9B9}.Release|x86.ActiveCfg = Release|x86
		{BA32E84A-582F-4989-BCF7-DAA09584D9B9}.Release|x86.Build.0 = Release|x86
		{9B024C51-9A91-4254-90DB-9F2E91000F16}.Debug|Any CPU.ActiveCfg = Debug|Any CPU
		{9B024C51-9A91-4254-90DB-9F2E91000F16}.Debug|Any CPU.Build.0 = Debug|Any CPU
		{9B024C51-9A91-4254-90DB-9F2E91000F16}.Debug|Mixed Platforms.ActiveCfg = Debug|Any CPU
		{9B024C51-9A91-4254-90DB-9F2E91000F16}.Debug|Mixed Platforms.Build.0 = Debug|Any CPU
		{9B024C51-9A91-4254-90DB-9F2E91000F16}.Debug|x86.ActiveCfg = Debug|Any CPU
		{9B024C51-9A91-4254-90DB-9F2E91000F16}.Release|Any CPU.ActiveCfg = Release|Any CPU
		{9B024C51-9A91-4254-90DB-9F2E91000F16}.Release|Any CPU.Build.0 = Release|Any CPU
		{9B024C51-9A91-4254-90DB-9F2E91000F16}.Release|Mixed Platforms.ActiveCfg = Release|Any CPU
		{9B024C51-9A91-4254-90DB-9F2E91000F16}.Release|Mixed Platforms.Build.0 = Release|Any CPU
		{9B024C51-9A91-4254-90DB-9F2E91000F16}.Release|x86.ActiveCfg = Release|Any CPU
		{7CD2E53D-7182-44F3-96C0-E41744DE512A}.Debug|Any CPU.ActiveCfg = Debug|x86
		{7CD2E53D-7182-44F3-96C0-E41744DE512A}.Debug|Mixed Platforms.ActiveCfg = Debug|x86
		{7CD2E53D-7182-44F3-96C0-E41744DE512A}.Debug|Mixed Platforms.Build.0 = Debug|x86
		{7CD2E53D-7182-44F3-96C0-E41744DE512A}.Debug|x86.ActiveCfg = Debug|x86
		{7CD2E53D-7182-44F3-96C0-E41744DE512A}.Debug|x86.Build.0 = Debug|x86
		{7CD2E53D-7182-44F3-96C0-E41744DE512A}.Release|Any CPU.ActiveCfg = Release|x86
		{7CD2E53D-7182-44F3-96C0-E41744DE512A}.Release|Mixed Platforms.ActiveCfg = Release|x86
		{7CD2E53D-7182-44F3-96C0-E41744DE512A}.Release|Mixed Platforms.Build.0 = Release|x86
		{7CD2E53D-7182-44F3-96C0-E41744DE512A}.Release|x86.ActiveCfg = Release|x86
		{7CD2E53D-7182-44F3-96C0-E41744DE512A}.Release|x86.Build.0 = Release|x86
	EndGlobalSection
	GlobalSection(SolutionProperties) = preSolution
		HideSolutionNode = FALSE
	EndGlobalSection
	GlobalSection(NestedProjects) = preSolution
		{EFDED84E-42AD-42F8-926D-8E269C4601AB} = {08587D08-E187-4E8C-95B5-58C293B044AF}
		{8E4A2A02-BA95-4EA9-8F7A-02245A343714} = {08587D08-E187-4E8C-95B5-58C293B044AF}
		{BA32E84A-582F-4989-BCF7-DAA09584D9B9} = {92AB59F6-2B67-4ACB-A6AE-9A3C0C93A510}
		{9B024C51-9A91-4254-90DB-9F2E91000F16} = {92AB59F6-2B67-4ACB-A6AE-9A3C0C93A510}
		{7CD2E53D-7182-44F3-96C0-E41744DE512A} = {92AB59F6-2B67-4ACB-A6AE-9A3C0C93A510}
	EndGlobalSection
EndGlobal
